<Solution>
  <Folder Name="/src/">
    <Project Path="src/HasamiBoard/HasamiBoard.csproj">
      <Platform Project="x64" />
    </Project>
  </Folder>
  <Folder Name="/tests/">
    <Project Path="tests/HasamiBoard.Tests/HasamiBoard.Tests.csproj">
      <Platform Project="x64" />
    </Project>
  </Folder>
</Solution>
